schema: '2.0'
stages:
  raw_dataset_creation:
    cmd: python src/data/load_data.py --config=params.yaml
    deps:
    - path: data/external/train.csv
      md5: 16e503fb6ae5386999e6516837142c8c
      size: 391594
    - path: src/data/load_data.py
      md5: fed3831c571820aed100cdcc45e345c3
      size: 1470
    outs:
    - path: data/raw/train.csv
      md5: 1e7b7ca271058337868449f924995c51
      size: 120311
  split_data:
    cmd: python src/data/split_data.py --config=params.yaml
    deps:
    - path: data/raw/train.csv
      md5: 1e7b7ca271058337868449f924995c51
      size: 120311
    - path: src/data/split_data.py
      md5: f492806a9c87e159595be5d396acfac1
      size: 1398
    outs:
    - path: data/processed/churn_test.csv
      md5: 31d81353fe1ae6183de407acddcb9df4
      size: 24182
    - path: data/processed/churn_train.csv
      md5: 38fd3727668dd0d25b5faab0c8627457
      size: 96258
  model_train:
    cmd: python src/models/train_model.py --config=params.yaml
    deps:
    - path: data/processed/churn_test.csv
      md5: c3a4965f71511e72d4af9ac650f47505
      size: 24209
    - path: data/processed/churn_train.csv
      md5: 8358e3ab11f8301c58d3b0e5aa99a6fd
      size: 96317
    - path: src/models/train_model.py
      md5: dd9f6b2f0a75b44c56ead9b965e53730
      size: 3886
    params:
      params.yaml:
        random_forest.max_depth: 30
        random_forest.n_estimators: 60
  log_production_model:
    cmd: python src/models/production_model_selection.py --config=params.yaml
    deps:
    - path: src/models/production_model_selection.py
      md5: 85fa5919e24cfb8aedbfcbf36e11eced
      size: 1732
    params:
      params.yaml:
        random_forest.max_depth: 20
        random_forest.n_estimators: 50
    outs:
    - path: models/model.joblib
      md5: 193f138ff15982ead215adf919c60848
      size: 659691
